
Microsoft Visual Studio Solution File, Format Version 12.00
# Visual Studio 15
VisualStudioVersion = 15.0.28010.2003
MinimumVisualStudioVersion = 10.0.40219.1
Project("{FAE04EC0-301F-11D3-BF4B-00C04F79EFBC}") = "Floristeria.Android", "Floristeria\Floristeria.Android\Floristeria.Android.csproj", "{9F9ECBA0-8594-4D81-9E10-0C7A2E12AEF0}"
EndProject
Project("{FAE04EC0-301F-11D3-BF4B-00C04F79EFBC}") = "Floristeria.iOS", "Floristeria\Floristeria.iOS\Floristeria.iOS.csproj", "{3CD8EA48-10CC-4323-8553-0CB0F370CD64}"
EndProject
Project("{9A19103F-16F7-4668-BE54-9A1E7A4F7556}") = "Floristeria", "Floristeria\Floristeria\Floristeria.csproj", "{AB06AAEB-ED50-47EE-A8E6-FDDCCE25320C}"
EndProject
Project("{FAE04EC0-301F-11D3-BF4B-00C04F79EFBC}") = "floristeria.Domain", "floristeria.Domain\floristeria.Domain.csproj", "{6D98E4BC-B967-418B-84A3-5F7CD82C6E1F}"
EndProject
Global
	GlobalSection(SolutionConfigurationPlatforms) = preSolution
		Ad-Hoc|Any CPU = Ad-Hoc|Any CPU
		Ad-Hoc|iPhone = Ad-Hoc|iPhone
		Ad-Hoc|iPhoneSimulator = Ad-Hoc|iPhoneSimulator
		AppStore|Any CPU = AppStore|Any CPU
		AppStore|iPhone = AppStore|iPhone
		AppStore|iPhoneSimulator = AppStore|iPhoneSimulator
		Debug|Any CPU = Debug|Any CPU
		Debug|iPhone = Debug|iPhone
		Debug|iPhoneSimulator = Debug|iPhoneSimulator
		Release|Any CPU = Release|Any CPU
		Release|iPhone = Release|iPhone
		Release|iPhoneSimulator = Release|iPhoneSimulator
	EndGlobalSection
	GlobalSection(ProjectConfigurationPlatforms) = postSolution
		{9F9ECBA0-8594-4D81-9E10-0C7A2E12AEF0}.Ad-Hoc|Any CPU.ActiveCfg = Release|Any CPU
		{9F9ECBA0-8594-4D81-9E10-0C7A2E12AEF0}.Ad-Hoc|Any CPU.Build.0 = Release|Any CPU
		{9F9ECBA0-8594-4D81-9E10-0C7A2E12AEF0}.Ad-Hoc|Any CPU.Deploy.0 = Release|Any CPU
		{9F9ECBA0-8594-4D81-9E10-0C7A2E12AEF0}.Ad-Hoc|iPhone.ActiveCfg = Release|Any CPU
		{9F9ECBA0-8594-4D81-9E10-0C7A2E12AEF0}.Ad-Hoc|iPhone.Build.0 = Release|Any CPU
		{9F9ECBA0-8594-4D81-9E10-0C7A2E12AEF0}.Ad-Hoc|iPhone.Deploy.0 = Release|Any CPU
		{9F9ECBA0-8594-4D81-9E10-0C7A2E12AEF0}.Ad-Hoc|iPhoneSimulator.ActiveCfg = Release|Any CPU
		{9F9ECBA0-8594-4D81-9E10-0C7A2E12AEF0}.Ad-Hoc|iPhoneSimulator.Build.0 = Release|Any CPU
		{9F9ECBA0-8594-4D81-9E10-0C7A2E12AEF0}.Ad-Hoc|iPhoneSimulator.Deploy.0 = Release|Any CPU
		{9F9ECBA0-8594-4D81-9E10-0C7A2E12AEF0}.AppStore|Any CPU.ActiveCfg = Release|Any CPU
		{9F9ECBA0-8594-4D81-9E10-0C7A2E12AEF0}.AppStore|Any CPU.Build.0 = Release|Any CPU
		{9F9ECBA0-8594-4D81-9E10-0C7A2E12AEF0}.AppStore|Any CPU.Deploy.0 = Release|Any CPU
		{9F9ECBA0-8594-4D81-9E10-0C7A2E12AEF0}.AppStore|iPhone.ActiveCfg = Release|Any CPU
		{9F9ECBA0-8594-4D81-9E10-0C7A2E12AEF0}.AppStore|iPhone.Build.0 = Release|Any CPU
		{9F9ECBA0-8594-4D81-9E10-0C7A2E12AEF0}.AppStore|iPhone.Deploy.0 = Release|Any CPU
		{9F9ECBA0-8594-4D81-9E10-0C7A2E12AEF0}.AppStore|iPhoneSimulator.ActiveCfg = Release|Any CPU
		{9F9ECBA0-8594-4D81-9E10-0C7A2E12AEF0}.AppStore|iPhoneSimulator.Build.0 = Release|Any CPU
		{9F9ECBA0-8594-4D81-9E10-0C7A2E12AEF0}.AppStore|iPhoneSimulator.Deploy.0 = Release|Any CPU
		{9F9ECBA0-8594-4D81-9E10-0C7A2E12AEF0}.Debug|Any CPU.ActiveCfg = Debug|Any CPU
		{9F9ECBA0-8594-4D81-9E10-0C7A2E12AEF0}.Debug|Any CPU.Build.0 = Debug|Any CPU
		{9F9ECBA0-8594-4D81-9E10-0C7A2E12AEF0}.Debug|Any CPU.Deploy.0 = Debug|Any CPU
		{9F9ECBA0-8594-4D81-9E10-0C7A2E12AEF0}.Debug|iPhone.ActiveCfg = Debug|Any CPU
		{9F9ECBA0-8594-4D81-9E10-0C7A2E12AEF0}.Debug|iPhone.Build.0 = Debug|Any CPU
		{9F9ECBA0-8594-4D81-9E10-0C7A2E12AEF0}.Debug|iPhone.Deploy.0 = Debug|Any CPU
		{9F9ECBA0-8594-4D81-9E10-0C7A2E12AEF0}.Debug|iPhoneSimulator.ActiveCfg = Debug|Any CPU
		{9F9ECBA0-8594-4D81-9E10-0C7A2E12AEF0}.Debug|iPhoneSimulator.Build.0 = Debug|Any CPU
		{9F9ECBA0-8594-4D81-9E10-0C7A2E12AEF0}.Debug|iPhoneSimulator.Deploy.0 = Debug|Any CPU
		{9F9ECBA0-8594-4D81-9E10-0C7A2E12AEF0}.Release|Any CPU.ActiveCfg = Release|Any CPU
		{9F9ECBA0-8594-4D81-9E10-0C7A2E12AEF0}.Release|Any CPU.Build.0 = Release|Any CPU
		{9F9ECBA0-8594-4D81-9E10-0C7A2E12AEF0}.Release|Any CPU.Deploy.0 = Release|Any CPU
		{9F9ECBA0-8594-4D81-9E10-0C7A2E12AEF0}.Release|iPhone.ActiveCfg = Release|Any CPU
		{9F9ECBA0-8594-4D81-9E10-0C7A2E12AEF0}.Release|iPhone.Build.0 = Release|Any CPU
		{9F9ECBA0-8594-4D81-9E10-0C7A2E12AEF0}.Release|iPhone.Deploy.0 = Release|Any CPU
		{9F9ECBA0-8594-4D81-9E10-0C7A2E12AEF0}.Release|iPhoneSimulator.ActiveCfg = Release|Any CPU
		{9F9ECBA0-8594-4D81-9E10-0C7A2E12AEF0}.Release|iPhoneSimulator.Build.0 = Release|Any CPU
		{9F9ECBA0-8594-4D81-9E10-0C7A2E12AEF0}.Release|iPhoneSimulator.Deploy.0 = Release|Any CPU
		{3CD8EA48-10CC-4323-8553-0CB0F370CD64}.Ad-Hoc|Any CPU.ActiveCfg = Ad-Hoc|iPhone
		{3CD8EA48-10CC-4323-8553-0CB0F370CD64}.Ad-Hoc|Any CPU.Build.0 = Ad-Hoc|iPhone
		{3CD8EA48-10CC-4323-8553-0CB0F370CD64}.Ad-Hoc|Any CPU.Deploy.0 = Ad-Hoc|iPhone
		{3CD8EA48-10CC-4323-8553-0CB0F370CD64}.Ad-Hoc|iPhone.ActiveCfg = Ad-Hoc|iPhone
		{3CD8EA48-10CC-4323-8553-0CB0F370CD64}.Ad-Hoc|iPhone.Build.0 = Ad-Hoc|iPhone
		{3CD8EA48-10CC-4323-8553-0CB0F370CD64}.Ad-Hoc|iPhone.Deploy.0 = Ad-Hoc|iPhone
		{3CD8EA48-10CC-4323-8553-0CB0F370CD64}.Ad-Hoc|iPhoneSimulator.ActiveCfg = Ad-Hoc|iPhoneSimulator
		{3CD8EA48-10CC-4323-8553-0CB0F370CD64}.Ad-Hoc|iPhoneSimulator.Build.0 = Ad-Hoc|iPhoneSimulator
		{3CD8EA48-10CC-4323-8553-0CB0F370CD64}.Ad-Hoc|iPhoneSimulator.Deploy.0 = Ad-Hoc|iPhoneSimulator
		{3CD8EA48-10CC-4323-8553-0CB0F370CD64}.AppStore|Any CPU.ActiveCfg = AppStore|iPhone
		{3CD8EA48-10CC-4323-8553-0CB0F370CD64}.AppStore|Any CPU.Build.0 = AppStore|iPhone
		{3CD8EA48-10CC-4323-8553-0CB0F370CD64}.AppStore|Any CPU.Deploy.0 = AppStore|iPhone
		{3CD8EA48-10CC-4323-8553-0CB0F370CD64}.AppStore|iPhone.ActiveCfg = AppStore|iPhone
		{3CD8EA48-10CC-4323-8553-0CB0F370CD64}.AppStore|iPhone.Build.0 = AppStore|iPhone
		{3CD8EA48-10CC-4323-8553-0CB0F370CD64}.AppStore|iPhone.Deploy.0 = AppStore|iPhone
		{3CD8EA48-10CC-4323-8553-0CB0F370CD64}.AppStore|iPhoneSimulator.ActiveCfg = AppStore|iPhoneSimulator
		{3CD8EA48-10CC-4323-8553-0CB0F370CD64}.AppStore|iPhoneSimulator.Build.0 = AppStore|iPhoneSimulator
		{3CD8EA48-10CC-4323-8553-0CB0F370CD64}.AppStore|iPhoneSimulator.Deploy.0 = AppStore|iPhoneSimulator
		{3CD8EA48-10CC-4323-8553-0CB0F370CD64}.Debug|Any CPU.ActiveCfg = Debug|iPhoneSimulator
		{3CD8EA48-10CC-4323-8553-0CB0F370CD64}.Debug|Any CPU.Build.0 = Debug|iPhoneSimulator
		{3CD8EA48-10CC-4323-8553-0CB0F370CD64}.Debug|Any CPU.Deploy.0 = Debug|iPhoneSimulator
		{3CD8EA48-10CC-4323-8553-0CB0F370CD64}.Debug|iPhone.ActiveCfg = Debug|iPhone
		{3CD8EA48-10CC-4323-8553-0CB0F370CD64}.Debug|iPhone.Build.0 = Debug|iPhone
		{3CD8EA48-10CC-4323-8553-0CB0F370CD64}.Debug|iPhone.Deploy.0 = Debug|iPhone
		{3CD8EA48-10CC-4323-8553-0CB0F370CD64}.Debug|iPhoneSimulator.ActiveCfg = Debug|iPhoneSimulator
		{3CD8EA48-10CC-4323-8553-0CB0F370CD64}.Debug|iPhoneSimulator.Build.0 = Debug|iPhoneSimulator
		{3CD8EA48-10CC-4323-8553-0CB0F370CD64}.Debug|iPhoneSimulator.Deploy.0 = Debug|iPhoneSimulator
		{3CD8EA48-10CC-4323-8553-0CB0F370CD64}.Release|Any CPU.ActiveCfg = Release|iPhone
		{3CD8EA48-10CC-4323-8553-0CB0F370CD64}.Release|Any CPU.Build.0 = Release|iPhone
		{3CD8EA48-10CC-4323-8553-0CB0F370CD64}.Release|Any CPU.Deploy.0 = Release|iPhone
		{3CD8EA48-10CC-4323-8553-0CB0F370CD64}.Release|iPhone.ActiveCfg = Release|iPhone
		{3CD8EA48-10CC-4323-8553-0CB0F370CD64}.Release|iPhone.Build.0 = Release|iPhone
		{3CD8EA48-10CC-4323-8553-0CB0F370CD64}.Release|iPhone.Deploy.0 = Release|iPhone
		{3CD8EA48-10CC-4323-8553-0CB0F370CD64}.Release|iPhoneSimulator.ActiveCfg = Release|iPhoneSimulator
		{3CD8EA48-10CC-4323-8553-0CB0F370CD64}.Release|iPhoneSimulator.Build.0 = Release|iPhoneSimulator
		{3CD8EA48-10CC-4323-8553-0CB0F370CD64}.Release|iPhoneSimulator.Deploy.0 = Release|iPhoneSimulator
		{AB06AAEB-ED50-47EE-A8E6-FDDCCE25320C}.Ad-Hoc|Any CPU.ActiveCfg = Debug|Any CPU
		{AB06AAEB-ED50-47EE-A8E6-FDDCCE25320C}.Ad-Hoc|Any CPU.Build.0 = Debug|Any CPU
		{AB06AAEB-ED50-47EE-A8E6-FDDCCE25320C}.Ad-Hoc|Any CPU.Deploy.0 = Debug|Any CPU
		{AB06AAEB-ED50-47EE-A8E6-FDDCCE25320C}.Ad-Hoc|iPhone.ActiveCfg = Debug|Any CPU
		{AB06AAEB-ED50-47EE-A8E6-FDDCCE25320C}.Ad-Hoc|iPhone.Build.0 = Debug|Any CPU
		{AB06AAEB-ED50-47EE-A8E6-FDDCCE25320C}.Ad-Hoc|iPhone.Deploy.0 = Debug|Any CPU
		{AB06AAEB-ED50-47EE-A8E6-FDDCCE25320C}.Ad-Hoc|iPhoneSimulator.ActiveCfg = Debug|Any CPU
		{AB06AAEB-ED50-47EE-A8E6-FDDCCE25320C}.Ad-Hoc|iPhoneSimulator.Build.0 = Debug|Any CPU
		{AB06AAEB-ED50-47EE-A8E6-FDDCCE25320C}.Ad-Hoc|iPhoneSimulator.Deploy.0 = Debug|Any CPU
		{AB06AAEB-ED50-47EE-A8E6-FDDCCE25320C}.AppStore|Any CPU.ActiveCfg = Debug|Any CPU
		{AB06AAEB-ED50-47EE-A8E6-FDDCCE25320C}.AppStore|Any CPU.Build.0 = Debug|Any CPU
		{AB06AAEB-ED50-47EE-A8E6-FDDCCE25320C}.AppStore|Any CPU.Deploy.0 = Debug|Any CPU
		{AB06AAEB-ED50-47EE-A8E6-FDDCCE25320C}.AppStore|iPhone.ActiveCfg = Debug|Any CPU
		{AB06AAEB-ED50-47EE-A8E6-FDDCCE25320C}.AppStore|iPhone.Build.0 = Debug|Any CPU
		{AB06AAEB-ED50-47EE-A8E6-FDDCCE25320C}.AppStore|iPhone.Deploy.0 = Debug|Any CPU
		{AB06AAEB-ED50-47EE-A8E6-FDDCCE25320C}.AppStore|iPhoneSimulator.ActiveCfg = Debug|Any CPU
		{AB06AAEB-ED50-47EE-A8E6-FDDCCE25320C}.AppStore|iPhoneSimulator.Build.0 = Debug|Any CPU
		{AB06AAEB-ED50-47EE-A8E6-FDDCCE25320C}.AppStore|iPhoneSimulator.Deploy.0 = Debug|Any CPU
		{AB06AAEB-ED50-47EE-A8E6-FDDCCE25320C}.Debug|Any CPU.ActiveCfg = Debug|Any CPU
		{AB06AAEB-ED50-47EE-A8E6-FDDCCE25320C}.Debug|Any CPU.Build.0 = Debug|Any CPU
		{AB06AAEB-ED50-47EE-A8E6-FDDCCE25320C}.Debug|Any CPU.Deploy.0 = Debug|Any CPU
		{AB06AAEB-ED50-47EE-A8E6-FDDCCE25320C}.Debug|iPhone.ActiveCfg = Debug|Any CPU
		{AB06AAEB-ED50-47EE-A8E6-FDDCCE25320C}.Debug|iPhone.Build.0 = Debug|Any CPU
		{AB06AAEB-ED50-47EE-A8E6-FDDCCE25320C}.Debug|iPhone.Deploy.0 = Debug|Any CPU
		{AB06AAEB-ED50-47EE-A8E6-FDDCCE25320C}.Debug|iPhoneSimulator.ActiveCfg = Debug|Any CPU
		{AB06AAEB-ED50-47EE-A8E6-FDDCCE25320C}.Debug|iPhoneSimulator.Build.0 = Debug|Any CPU
		{AB06AAEB-ED50-47EE-A8E6-FDDCCE25320C}.Debug|iPhoneSimulator.Deploy.0 = Debug|Any CPU
		{AB06AAEB-ED50-47EE-A8E6-FDDCCE25320C}.Release|Any CPU.ActiveCfg = Release|Any CPU
		{AB06AAEB-ED50-47EE-A8E6-FDDCCE25320C}.Release|Any CPU.Build.0 = Release|Any CPU
		{AB06AAEB-ED50-47EE-A8E6-FDDCCE25320C}.Release|Any CPU.Deploy.0 = Release|Any CPU
		{AB06AAEB-ED50-47EE-A8E6-FDDCCE25320C}.Release|iPhone.ActiveCfg = Release|Any CPU
		{AB06AAEB-ED50-47EE-A8E6-FDDCCE25320C}.Release|iPhone.Build.0 = Release|Any CPU
		{AB06AAEB-ED50-47EE-A8E6-FDDCCE25320C}.Release|iPhone.Deploy.0 = Release|Any CPU
		{AB06AAEB-ED50-47EE-A8E6-FDDCCE25320C}.Release|iPhoneSimulator.ActiveCfg = Release|Any CPU
		{AB06AAEB-ED50-47EE-A8E6-FDDCCE25320C}.Release|iPhoneSimulator.Build.0 = Release|Any CPU
		{AB06AAEB-ED50-47EE-A8E6-FDDCCE25320C}.Release|iPhoneSimulator.Deploy.0 = Release|Any CPU
		{6D98E4BC-B967-418B-84A3-5F7CD82C6E1F}.Ad-Hoc|Any CPU.ActiveCfg = Release|Any CPU
		{6D98E4BC-B967-418B-84A3-5F7CD82C6E1F}.Ad-Hoc|Any CPU.Build.0 = Release|Any CPU
		{6D98E4BC-B967-418B-84A3-5F7CD82C6E1F}.Ad-Hoc|iPhone.ActiveCfg = Release|Any CPU
		{6D98E4BC-B967-418B-84A3-5F7CD82C6E1F}.Ad-Hoc|iPhone.Build.0 = Release|Any CPU
		{6D98E4BC-B967-418B-84A3-5F7CD82C6E1F}.Ad-Hoc|iPhoneSimulator.ActiveCfg = Release|Any CPU
		{6D98E4BC-B967-418B-84A3-5F7CD82C6E1F}.Ad-Hoc|iPhoneSimulator.Build.0 = Release|Any CPU
		{6D98E4BC-B967-418B-84A3-5F7CD82C6E1F}.AppStore|Any CPU.ActiveCfg = Release|Any CPU
		{6D98E4BC-B967-418B-84A3-5F7CD82C6E1F}.AppStore|Any CPU.Build.0 = Release|Any CPU
		{6D98E4BC-B967-418B-84A3-5F7CD82C6E1F}.AppStore|iPhone.ActiveCfg = Release|Any CPU
		{6D98E4BC-B967-418B-84A3-5F7CD82C6E1F}.AppStore|iPhone.Build.0 = Release|Any CPU
		{6D98E4BC-B967-418B-84A3-5F7CD82C6E1F}.AppStore|iPhoneSimulator.ActiveCfg = Release|Any CPU
		{6D98E4BC-B967-418B-84A3-5F7CD82C6E1F}.AppStore|iPhoneSimulator.Build.0 = Release|Any CPU
		{6D98E4BC-B967-418B-84A3-5F7CD82C6E1F}.Debug|Any CPU.ActiveCfg = Debug|Any CPU
		{6D98E4BC-B967-418B-84A3-5F7CD82C6E1F}.Debug|Any CPU.Build.0 = Debug|Any CPU
		{6D98E4BC-B967-418B-84A3-5F7CD82C6E1F}.Debug|iPhone.ActiveCfg = Debug|Any CPU
		{6D98E4BC-B967-418B-84A3-5F7CD82C6E1F}.Debug|iPhone.Build.0 = Debug|Any CPU
		{6D98E4BC-B967-418B-84A3-5F7CD82C6E1F}.Debug|iPhoneSimulator.ActiveCfg = Debug|Any CPU
		{6D98E4BC-B967-418B-84A3-5F7CD82C6E1F}.Debug|iPhoneSimulator.Build.0 = Debug|Any CPU
		{6D98E4BC-B967-418B-84A3-5F7CD82C6E1F}.Release|Any CPU.ActiveCfg = Release|Any CPU
		{6D98E4BC-B967-418B-84A3-5F7CD82C6E1F}.Release|Any CPU.Build.0 = Release|Any CPU
		{6D98E4BC-B967-418B-84A3-5F7CD82C6E1F}.Release|iPhone.ActiveCfg = Release|Any CPU
		{6D98E4BC-B967-418B-84A3-5F7CD82C6E1F}.Release|iPhone.Build.0 = Release|Any CPU
		{6D98E4BC-B967-418B-84A3-5F7CD82C6E1F}.Release|iPhoneSimulator.ActiveCfg = Release|Any CPU
		{6D98E4BC-B967-418B-84A3-5F7CD82C6E1F}.Release|iPhoneSimulator.Build.0 = Release|Any CPU
	EndGlobalSection
	GlobalSection(SolutionProperties) = preSolution
		HideSolutionNode = FALSE
	EndGlobalSection
	GlobalSection(ExtensibilityGlobals) = postSolution
		SolutionGuid = {778DDD9B-AEC0-4598-82B3-8AD51250A196}
	EndGlobalSection
EndGlobal
